
Microsoft Visual Studio Solution File, Format Version 12.00
# Visual Studio 15
VisualStudioVersion = 15.0.27130.2027
MinimumVisualStudioVersion = 10.0.40219.1
Project("{FAE04EC0-301F-11D3-BF4B-00C04F79EFBC}") = "FlexLabs.Upsert", "FlexLabs.Upsert\FlexLabs.Upsert.csproj", "{63EBC704-98C3-4F91-9235-DA1EC06C1C8F}"
EndProject
Project("{2150E333-8FDC-42A3-9474-1A3956D46DE8}") = "src", "src", "{0DCBBEBD-A5B9-46F1-B9DE-F469447630F1}"
EndProject
Project("{FAE04EC0-301F-11D3-BF4B-00C04F79EFBC}") = "FlexLabs.EntityFrameworkCore.Upsert", "src\FlexLabs.EntityFrameworkCore.Upsert\FlexLabs.EntityFrameworkCore.Upsert.csproj", "{E00DD739-30D8-4FE0-BFD4-99378BD4AD5F}"
EndProject
Project("{FAE04EC0-301F-11D3-BF4B-00C04F79EFBC}") = "FlexLabs.EntityFrameworkCore.Upsert.SqlServer", "src\FlexLabs.EntityFrameworkCore.Upsert.SqlServer\FlexLabs.EntityFrameworkCore.Upsert.SqlServer.csproj", "{766506D1-F34B-488C-8336-F215A00FA46E}"
EndProject
Global
	GlobalSection(SolutionConfigurationPlatforms) = preSolution
		Debug|Any CPU = Debug|Any CPU
		Release|Any CPU = Release|Any CPU
	EndGlobalSection
	GlobalSection(ProjectConfigurationPlatforms) = postSolution
		{63EBC704-98C3-4F91-9235-DA1EC06C1C8F}.Debug|Any CPU.ActiveCfg = Debug|Any CPU
		{63EBC704-98C3-4F91-9235-DA1EC06C1C8F}.Debug|Any CPU.Build.0 = Debug|Any CPU
		{63EBC704-98C3-4F91-9235-DA1EC06C1C8F}.Release|Any CPU.ActiveCfg = Release|Any CPU
		{63EBC704-98C3-4F91-9235-DA1EC06C1C8F}.Release|Any CPU.Build.0 = Release|Any CPU
		{E00DD739-30D8-4FE0-BFD4-99378BD4AD5F}.Debug|Any CPU.ActiveCfg = Debug|Any CPU
		{E00DD739-30D8-4FE0-BFD4-99378BD4AD5F}.Debug|Any CPU.Build.0 = Debug|Any CPU
		{E00DD739-30D8-4FE0-BFD4-99378BD4AD5F}.Release|Any CPU.ActiveCfg = Release|Any CPU
		{E00DD739-30D8-4FE0-BFD4-99378BD4AD5F}.Release|Any CPU.Build.0 = Release|Any CPU
		{766506D1-F34B-488C-8336-F215A00FA46E}.Debug|Any CPU.ActiveCfg = Debug|Any CPU
		{766506D1-F34B-488C-8336-F215A00FA46E}.Debug|Any CPU.Build.0 = Debug|Any CPU
		{766506D1-F34B-488C-8336-F215A00FA46E}.Release|Any CPU.ActiveCfg = Release|Any CPU
		{766506D1-F34B-488C-8336-F215A00FA46E}.Release|Any CPU.Build.0 = Release|Any CPU
	EndGlobalSection
	GlobalSection(SolutionProperties) = preSolution
		HideSolutionNode = FALSE
	EndGlobalSection
	GlobalSection(NestedProjects) = preSolution
		{E00DD739-30D8-4FE0-BFD4-99378BD4AD5F} = {0DCBBEBD-A5B9-46F1-B9DE-F469447630F1}
		{766506D1-F34B-488C-8336-F215A00FA46E} = {0DCBBEBD-A5B9-46F1-B9DE-F469447630F1}
	EndGlobalSection
	GlobalSection(ExtensibilityGlobals) = postSolution
		SolutionGuid = {AF1562DF-BA49-4D28-A977-6C5A9B8C4F9D}
	EndGlobalSection
EndGlobal
